
Microsoft Visual Studio Solution File, Format Version 12.00
# Visual Studio 15
Project("{D954291E-2A0B-460D-934E-DC6B0785DB48}") = "ImagePicker", "SDK\ImagePicker\ImagePicker.shproj", "{F0AD8C0C-E888-48B6-91A2-058947B5B459}"
EndProject
Project("{FAE04EC0-301F-11D3-BF4B-00C04F79EFBC}") = "ImagePicker.Droid", "SDK\Droid\ImagePicker.Droid.csproj", "{ACA76D13-EF23-49FC-A5A4-35F18A1E594A}"
EndProject
Project("{FAE04EC0-301F-11D3-BF4B-00C04F79EFBC}") = "ImagePicker.iOS", "SDK\iOS\ImagePicker.iOS.csproj", "{6877B905-1346-45E7-B272-450B82E8B733}"
EndProject
Project("{2150E333-8FDC-42A3-9474-1A3956D46DE8}") = "SDK", "SDK", "{79A2E952-0007-45DF-AEF1-FD1D04004D41}"
EndProject
Global
	GlobalSection(SolutionConfigurationPlatforms) = preSolution
		Debug|Any CPU = Debug|Any CPU
		Release|Any CPU = Release|Any CPU
		Debug|iPhoneSimulator = Debug|iPhoneSimulator
		Release|iPhone = Release|iPhone
		Release|iPhoneSimulator = Release|iPhoneSimulator
		Debug|iPhone = Debug|iPhone
	EndGlobalSection
	GlobalSection(ProjectConfigurationPlatforms) = postSolution
		{ACA76D13-EF23-49FC-A5A4-35F18A1E594A}.Debug|Any CPU.ActiveCfg = Debug|Any CPU
		{ACA76D13-EF23-49FC-A5A4-35F18A1E594A}.Debug|Any CPU.Build.0 = Debug|Any CPU
		{ACA76D13-EF23-49FC-A5A4-35F18A1E594A}.Release|Any CPU.ActiveCfg = Release|Any CPU
		{ACA76D13-EF23-49FC-A5A4-35F18A1E594A}.Release|Any CPU.Build.0 = Release|Any CPU
		{ACA76D13-EF23-49FC-A5A4-35F18A1E594A}.Debug|iPhoneSimulator.ActiveCfg = Debug|Any CPU
		{ACA76D13-EF23-49FC-A5A4-35F18A1E594A}.Debug|iPhoneSimulator.Build.0 = Debug|Any CPU
		{ACA76D13-EF23-49FC-A5A4-35F18A1E594A}.Release|iPhone.ActiveCfg = Release|Any CPU
		{ACA76D13-EF23-49FC-A5A4-35F18A1E594A}.Release|iPhone.Build.0 = Release|Any CPU
		{ACA76D13-EF23-49FC-A5A4-35F18A1E594A}.Release|iPhoneSimulator.ActiveCfg = Release|Any CPU
		{ACA76D13-EF23-49FC-A5A4-35F18A1E594A}.Release|iPhoneSimulator.Build.0 = Release|Any CPU
		{ACA76D13-EF23-49FC-A5A4-35F18A1E594A}.Debug|iPhone.ActiveCfg = Debug|Any CPU
		{ACA76D13-EF23-49FC-A5A4-35F18A1E594A}.Debug|iPhone.Build.0 = Debug|Any CPU
		{6877B905-1346-45E7-B272-450B82E8B733}.Debug|Any CPU.ActiveCfg = Debug|iPhoneSimulator
		{6877B905-1346-45E7-B272-450B82E8B733}.Debug|Any CPU.Build.0 = Debug|iPhoneSimulator
		{6877B905-1346-45E7-B272-450B82E8B733}.Release|Any CPU.ActiveCfg = Release|iPhone
		{6877B905-1346-45E7-B272-450B82E8B733}.Release|Any CPU.Build.0 = Release|iPhone
		{6877B905-1346-45E7-B272-450B82E8B733}.Debug|iPhoneSimulator.ActiveCfg = Debug|iPhoneSimulator
		{6877B905-1346-45E7-B272-450B82E8B733}.Debug|iPhoneSimulator.Build.0 = Debug|iPhoneSimulator
		{6877B905-1346-45E7-B272-450B82E8B733}.Release|iPhone.ActiveCfg = Release|iPhone
		{6877B905-1346-45E7-B272-450B82E8B733}.Release|iPhone.Build.0 = Release|iPhone
		{6877B905-1346-45E7-B272-450B82E8B733}.Release|iPhoneSimulator.ActiveCfg = Release|iPhoneSimulator
		{6877B905-1346-45E7-B272-450B82E8B733}.Release|iPhoneSimulator.Build.0 = Release|iPhoneSimulator
		{6877B905-1346-45E7-B272-450B82E8B733}.Debug|iPhone.ActiveCfg = Debug|iPhone
		{6877B905-1346-45E7-B272-450B82E8B733}.Debug|iPhone.Build.0 = Debug|iPhone
	EndGlobalSection
	GlobalSection(NestedProjects) = preSolution
		{F0AD8C0C-E888-48B6-91A2-058947B5B459} = {79A2E952-0007-45DF-AEF1-FD1D04004D41}
		{ACA76D13-EF23-49FC-A5A4-35F18A1E594A} = {79A2E952-0007-45DF-AEF1-FD1D04004D41}
		{6877B905-1346-45E7-B272-450B82E8B733} = {79A2E952-0007-45DF-AEF1-FD1D04004D41}
	EndGlobalSection
EndGlobal
