
Microsoft Visual Studio Solution File, Format Version 12.00
# Visual Studio 15
Project("{2150E333-8FDC-42A3-9474-1A3956D46DE8}") = "SDK", "SDK", "{79A2E952-0007-45DF-AEF1-FD1D04004D41}"
EndProject
Project("{2150E333-8FDC-42A3-9474-1A3956D46DE8}") = "Test", "Test", "{7E4E2699-18BF-4AB5-94C4-BE0CBEEA8679}"
EndProject
Project("{FAE04EC0-301F-11D3-BF4B-00C04F79EFBC}") = "Scanbot.ImagePicker.Droid", "SDK\Scanbot.ImagePicker.Droid\Scanbot.ImagePicker.Droid.csproj", "{4370780C-B6B6-4D30-AD83-4E928ACE6CAA}"
EndProject
Project("{FAE04EC0-301F-11D3-BF4B-00C04F79EFBC}") = "Scanbot.ImagePicker.iOS", "SDK\Scanbot.ImagePicker.iOS\Scanbot.ImagePicker.iOS.csproj", "{67DE1A7D-E361-401F-A29E-FFA57E2E2F98}"
EndProject
Project("{2150E333-8FDC-42A3-9474-1A3956D46DE8}") = "SDK.Forms", "SDK.Forms", "{C774F777-75A3-47F2-AE79-B06AA703FA1A}"
EndProject
Project("{2150E333-8FDC-42A3-9474-1A3956D46DE8}") = "Test.Forms", "Test.Forms", "{997C0A6C-1789-40D2-B102-FD4AAF7A9546}"
EndProject
Project("{FAE04EC0-301F-11D3-BF4B-00C04F79EFBC}") = "Scanbot.ImagePicker.Forms", "SDK.Forms\Scanbot.ImagePicker.Forms\Scanbot.ImagePicker.Forms.csproj", "{88CC5DE4-63F8-4F4C-9F9E-86E12C60549D}"
EndProject
Project("{FAE04EC0-301F-11D3-BF4B-00C04F79EFBC}") = "ImagePicker.Test.iOS", "Test\ImagePicker.Test.iOS\ImagePicker.Test.iOS.csproj", "{D3045336-648B-4274-B3E1-F15805074A55}"
EndProject
Project("{FAE04EC0-301F-11D3-BF4B-00C04F79EFBC}") = "ImagePicker.Test.Droid", "Test\ImagePicker.Test.Droid\ImagePicker.Test.Droid.csproj", "{B834C5FF-03A9-4B99-A027-878FD20D61D2}"
EndProject
Project("{FAE04EC0-301F-11D3-BF4B-00C04F79EFBC}") = "Scanbot.ImagePicker.Maui.Test", "Test.Forms\Scanbot.ImagePicker.Maui.Test\Scanbot.ImagePicker.Maui.Test.csproj", "{82522639-4131-4FF4-8870-ABED0CB33068}"
EndProject
Global
	GlobalSection(SolutionConfigurationPlatforms) = preSolution
		Debug|Any CPU = Debug|Any CPU
		Release|Any CPU = Release|Any CPU
		Debug|iPhoneSimulator = Debug|iPhoneSimulator
		Release|iPhone = Release|iPhone
		Release|iPhoneSimulator = Release|iPhoneSimulator
		Debug|iPhone = Debug|iPhone
	EndGlobalSection
	GlobalSection(ProjectConfigurationPlatforms) = postSolution
		{4370780C-B6B6-4D30-AD83-4E928ACE6CAA}.Debug|Any CPU.ActiveCfg = Debug|Any CPU
		{4370780C-B6B6-4D30-AD83-4E928ACE6CAA}.Debug|Any CPU.Build.0 = Debug|Any CPU
		{4370780C-B6B6-4D30-AD83-4E928ACE6CAA}.Release|Any CPU.ActiveCfg = Release|Any CPU
		{4370780C-B6B6-4D30-AD83-4E928ACE6CAA}.Release|Any CPU.Build.0 = Release|Any CPU
		{4370780C-B6B6-4D30-AD83-4E928ACE6CAA}.Debug|iPhoneSimulator.ActiveCfg = Debug|Any CPU
		{4370780C-B6B6-4D30-AD83-4E928ACE6CAA}.Debug|iPhoneSimulator.Build.0 = Debug|Any CPU
		{4370780C-B6B6-4D30-AD83-4E928ACE6CAA}.Release|iPhone.ActiveCfg = Release|Any CPU
		{4370780C-B6B6-4D30-AD83-4E928ACE6CAA}.Release|iPhone.Build.0 = Release|Any CPU
		{4370780C-B6B6-4D30-AD83-4E928ACE6CAA}.Release|iPhoneSimulator.ActiveCfg = Release|Any CPU
		{4370780C-B6B6-4D30-AD83-4E928ACE6CAA}.Release|iPhoneSimulator.Build.0 = Release|Any CPU
		{4370780C-B6B6-4D30-AD83-4E928ACE6CAA}.Debug|iPhone.ActiveCfg = Debug|Any CPU
		{4370780C-B6B6-4D30-AD83-4E928ACE6CAA}.Debug|iPhone.Build.0 = Debug|Any CPU
		{67DE1A7D-E361-401F-A29E-FFA57E2E2F98}.Debug|Any CPU.ActiveCfg = Debug|Any CPU
		{67DE1A7D-E361-401F-A29E-FFA57E2E2F98}.Debug|Any CPU.Build.0 = Debug|Any CPU
		{67DE1A7D-E361-401F-A29E-FFA57E2E2F98}.Release|Any CPU.ActiveCfg = Release|Any CPU
		{67DE1A7D-E361-401F-A29E-FFA57E2E2F98}.Release|Any CPU.Build.0 = Release|Any CPU
		{67DE1A7D-E361-401F-A29E-FFA57E2E2F98}.Debug|iPhoneSimulator.ActiveCfg = Debug|Any CPU
		{67DE1A7D-E361-401F-A29E-FFA57E2E2F98}.Debug|iPhoneSimulator.Build.0 = Debug|Any CPU
		{67DE1A7D-E361-401F-A29E-FFA57E2E2F98}.Release|iPhone.ActiveCfg = Release|Any CPU
		{67DE1A7D-E361-401F-A29E-FFA57E2E2F98}.Release|iPhone.Build.0 = Release|Any CPU
		{67DE1A7D-E361-401F-A29E-FFA57E2E2F98}.Release|iPhoneSimulator.ActiveCfg = Release|Any CPU
		{67DE1A7D-E361-401F-A29E-FFA57E2E2F98}.Release|iPhoneSimulator.Build.0 = Release|Any CPU
		{67DE1A7D-E361-401F-A29E-FFA57E2E2F98}.Debug|iPhone.ActiveCfg = Debug|Any CPU
		{67DE1A7D-E361-401F-A29E-FFA57E2E2F98}.Debug|iPhone.Build.0 = Debug|Any CPU
		{88CC5DE4-63F8-4F4C-9F9E-86E12C60549D}.Debug|Any CPU.ActiveCfg = Debug|Any CPU
		{88CC5DE4-63F8-4F4C-9F9E-86E12C60549D}.Debug|Any CPU.Build.0 = Debug|Any CPU
		{88CC5DE4-63F8-4F4C-9F9E-86E12C60549D}.Release|Any CPU.ActiveCfg = Release|Any CPU
		{88CC5DE4-63F8-4F4C-9F9E-86E12C60549D}.Release|Any CPU.Build.0 = Release|Any CPU
		{88CC5DE4-63F8-4F4C-9F9E-86E12C60549D}.Debug|iPhoneSimulator.ActiveCfg = Debug|Any CPU
		{88CC5DE4-63F8-4F4C-9F9E-86E12C60549D}.Debug|iPhoneSimulator.Build.0 = Debug|Any CPU
		{88CC5DE4-63F8-4F4C-9F9E-86E12C60549D}.Release|iPhone.ActiveCfg = Release|Any CPU
		{88CC5DE4-63F8-4F4C-9F9E-86E12C60549D}.Release|iPhone.Build.0 = Release|Any CPU
		{88CC5DE4-63F8-4F4C-9F9E-86E12C60549D}.Release|iPhoneSimulator.ActiveCfg = Release|Any CPU
		{88CC5DE4-63F8-4F4C-9F9E-86E12C60549D}.Release|iPhoneSimulator.Build.0 = Release|Any CPU
		{88CC5DE4-63F8-4F4C-9F9E-86E12C60549D}.Debug|iPhone.ActiveCfg = Debug|Any CPU
		{88CC5DE4-63F8-4F4C-9F9E-86E12C60549D}.Debug|iPhone.Build.0 = Debug|Any CPU
		{D3045336-648B-4274-B3E1-F15805074A55}.Debug|Any CPU.ActiveCfg = Debug|Any CPU
		{D3045336-648B-4274-B3E1-F15805074A55}.Debug|Any CPU.Build.0 = Debug|Any CPU
		{D3045336-648B-4274-B3E1-F15805074A55}.Release|Any CPU.ActiveCfg = Release|Any CPU
		{D3045336-648B-4274-B3E1-F15805074A55}.Release|Any CPU.Build.0 = Release|Any CPU
		{D3045336-648B-4274-B3E1-F15805074A55}.Debug|iPhoneSimulator.ActiveCfg = Debug|Any CPU
		{D3045336-648B-4274-B3E1-F15805074A55}.Debug|iPhoneSimulator.Build.0 = Debug|Any CPU
		{D3045336-648B-4274-B3E1-F15805074A55}.Release|iPhone.ActiveCfg = Release|Any CPU
		{D3045336-648B-4274-B3E1-F15805074A55}.Release|iPhone.Build.0 = Release|Any CPU
		{D3045336-648B-4274-B3E1-F15805074A55}.Release|iPhoneSimulator.ActiveCfg = Release|Any CPU
		{D3045336-648B-4274-B3E1-F15805074A55}.Release|iPhoneSimulator.Build.0 = Release|Any CPU
		{D3045336-648B-4274-B3E1-F15805074A55}.Debug|iPhone.ActiveCfg = Debug|Any CPU
		{D3045336-648B-4274-B3E1-F15805074A55}.Debug|iPhone.Build.0 = Debug|Any CPU
		{B834C5FF-03A9-4B99-A027-878FD20D61D2}.Debug|Any CPU.ActiveCfg = Debug|Any CPU
		{B834C5FF-03A9-4B99-A027-878FD20D61D2}.Debug|Any CPU.Build.0 = Debug|Any CPU
		{B834C5FF-03A9-4B99-A027-878FD20D61D2}.Release|Any CPU.ActiveCfg = Release|Any CPU
		{B834C5FF-03A9-4B99-A027-878FD20D61D2}.Release|Any CPU.Build.0 = Release|Any CPU
		{B834C5FF-03A9-4B99-A027-878FD20D61D2}.Debug|iPhoneSimulator.ActiveCfg = Debug|Any CPU
		{B834C5FF-03A9-4B99-A027-878FD20D61D2}.Debug|iPhoneSimulator.Build.0 = Debug|Any CPU
		{B834C5FF-03A9-4B99-A027-878FD20D61D2}.Release|iPhone.ActiveCfg = Release|Any CPU
		{B834C5FF-03A9-4B99-A027-878FD20D61D2}.Release|iPhone.Build.0 = Release|Any CPU
		{B834C5FF-03A9-4B99-A027-878FD20D61D2}.Release|iPhoneSimulator.ActiveCfg = Release|Any CPU
		{B834C5FF-03A9-4B99-A027-878FD20D61D2}.Release|iPhoneSimulator.Build.0 = Release|Any CPU
		{B834C5FF-03A9-4B99-A027-878FD20D61D2}.Debug|iPhone.ActiveCfg = Debug|Any CPU
		{B834C5FF-03A9-4B99-A027-878FD20D61D2}.Debug|iPhone.Build.0 = Debug|Any CPU
		{82522639-4131-4FF4-8870-ABED0CB33068}.Debug|Any CPU.ActiveCfg = Debug|Any CPU
		{82522639-4131-4FF4-8870-ABED0CB33068}.Debug|Any CPU.Build.0 = Debug|Any CPU
		{82522639-4131-4FF4-8870-ABED0CB33068}.Release|Any CPU.ActiveCfg = Release|Any CPU
		{82522639-4131-4FF4-8870-ABED0CB33068}.Release|Any CPU.Build.0 = Release|Any CPU
		{82522639-4131-4FF4-8870-ABED0CB33068}.Debug|iPhoneSimulator.ActiveCfg = Debug|Any CPU
		{82522639-4131-4FF4-8870-ABED0CB33068}.Debug|iPhoneSimulator.Build.0 = Debug|Any CPU
		{82522639-4131-4FF4-8870-ABED0CB33068}.Release|iPhone.ActiveCfg = Release|Any CPU
		{82522639-4131-4FF4-8870-ABED0CB33068}.Release|iPhone.Build.0 = Release|Any CPU
		{82522639-4131-4FF4-8870-ABED0CB33068}.Release|iPhoneSimulator.ActiveCfg = Release|Any CPU
		{82522639-4131-4FF4-8870-ABED0CB33068}.Release|iPhoneSimulator.Build.0 = Release|Any CPU
		{82522639-4131-4FF4-8870-ABED0CB33068}.Debug|iPhone.ActiveCfg = Debug|Any CPU
		{82522639-4131-4FF4-8870-ABED0CB33068}.Debug|iPhone.Build.0 = Debug|Any CPU
	EndGlobalSection
	GlobalSection(NestedProjects) = preSolution
		{4370780C-B6B6-4D30-AD83-4E928ACE6CAA} = {79A2E952-0007-45DF-AEF1-FD1D04004D41}
		{67DE1A7D-E361-401F-A29E-FFA57E2E2F98} = {79A2E952-0007-45DF-AEF1-FD1D04004D41}
		{88CC5DE4-63F8-4F4C-9F9E-86E12C60549D} = {C774F777-75A3-47F2-AE79-B06AA703FA1A}
		{D3045336-648B-4274-B3E1-F15805074A55} = {7E4E2699-18BF-4AB5-94C4-BE0CBEEA8679}
		{B834C5FF-03A9-4B99-A027-878FD20D61D2} = {7E4E2699-18BF-4AB5-94C4-BE0CBEEA8679}
		{82522639-4131-4FF4-8870-ABED0CB33068} = {997C0A6C-1789-40D2-B102-FD4AAF7A9546}
	EndGlobalSection
EndGlobal
